<?xml version="1.0" encoding="UTF-8" standalone="yes" ?>
<CodeBlocks_project_file>
	<FileVersion major="1" minor="6" />
	<Project>
		<Option title="Test" />
		<Option pch_mode="2" />
		<Option compiler="gcc" />
		<Build>
			<Target title="Debug x64">
				<Option output="../Debug/Test" prefix_auto="1" extension_auto="1" />
				<Option object_output="Debug/" />
				<Option deps_output="../Debug/" />
				<Option type="1" />
				<Option compiler="gcc" />
				<Option use_console_runner="0" />
				<Compiler>
					<Add option="-Wredundant-decls" />
					<Add option="-Wcast-align" />
					<Add option="-Wunreachable-code" />
					<Add option="-Wmissing-include-dirs" />
					<Add option="-std=c++1z" />
					<Add option="-Og" />
					<Add option="-g" />
				</Compiler>
				<Linker>
					<Add directory="../Debug" />
				</Linker>
			</Target>
			<Target title="Release x64">
				<Option output="../Release/Test" prefix_auto="1" extension_auto="1" />
				<Option object_output="Release/" />
				<Option deps_output="../Release/" />
				<Option external_deps=";" />
				<Option type="1" />
				<Option compiler="gcc" />
				<Option use_console_runner="0" />
				<Compiler>
					<Add option="-fomit-frame-pointer" />
					<Add option="-flto" />
					<Add option="-O3" />
					<Add option="-Wall" />
					<Add option="-std=c++1z" />
				</Compiler>
				<Linker>
					<Add option="-flto" />
					<Add option="-s" />
					<Add directory="../Release" />
				</Linker>
			</Target>
			<Target title="Release Win32">
				<Option output="../Release/Test" prefix_auto="1" extension_auto="1" />
				<Option object_output="Release/" />
				<Option deps_output="../Release/" />
				<Option external_deps="../Release/libngiv.a;" />
				<Option type="1" />
				<Option compiler="gcc" />
				<Option use_console_runner="0" />
				<Compiler>
					<Add option="-fomit-frame-pointer" />
					<Add option="-flto" />
					<Add option="-O3" />
					<Add option="-Wall" />
					<Add option="-std=c++1z" />
				</Compiler>
				<Linker>
					<Add option="-flto" />
					<Add option="-s" />
					<Add directory="../Release" />
				</Linker>
			</Target>
			<Target title="Debug Win32">
				<Option output="../Debug/Test" prefix_auto="1" extension_auto="1" />
				<Option object_output="Debug/" />
				<Option deps_output="../Debug/" />
				<Option external_deps="../Debug/libngiv.a;" />
				<Option type="1" />
				<Option compiler="gcc" />
				<Option use_console_runner="0" />
				<Compiler>
					<Add option="-Wredundant-decls" />
					<Add option="-Wcast-align" />
					<Add option="-Wunreachable-code" />
					<Add option="-Wmissing-include-dirs" />
					<Add option="-std=c++1z" />
					<Add option="-Og" />
					<Add option="-g" />
				</Compiler>
				<Linker>
					<Add directory="../Debug" />
				</Linker>
			</Target>
		</Build>
		<Compiler>
			<Add directory="../../ngiv" />
			<Add directory="../../depend/include" />
		</Compiler>
		<Linker>
			<Add library="libSDL2.a" />
			<Add library="libngiv.a" />
			<Add library="libIrrXML.a" />
			<Add library="libfreetype.a" />
			<Add library="dl" />
			<Add library="z" />
			<Add library="libstdc++fs.a" />
			<Add library="libpng" />
			<Add library="libassimp" />
			<Add library="libharfbuzz" />
			<Add directory="../../depend/lib/linux" />
			<Add directory="./" />
		</Linker>
		<Unit filename="Manager.cpp" />
		<Unit filename="Manager.h" />
		<Unit filename="Screen.cpp" />
		<Unit filename="Screen.h" />
		<Unit filename="main.cpp" />
		<Extensions>
			<code_completion />
			<debugger />
		</Extensions>
	</Project>
</CodeBlocks_project_file>
