<?xml version="1.0" encoding="UTF-8" standalone="yes" ?>
<CodeBlocks_project_file>
	<FileVersion major="1" minor="6" />
	<Project>
		<Option title="ngiv" />
		<Option pch_mode="2" />
		<Option compiler="gcc" />
		<Build>
			<Target title="Debug x64">
				<Option output="../Debug/ngiv" prefix_auto="1" extension_auto="1" />
				<Option working_dir="" />
				<Option object_output="../.objs/ngiv/Debug/x64/" />
				<Option deps_output="../Debug/" />
				<Option type="2" />
				<Option compiler="gcc" />
				<Compiler>
					<Add option="-Wredundant-decls" />
					<Add option="-Wcast-align" />
					<Add option="-Wunreachable-code" />
					<Add option="-Wmissing-include-dirs" />
					<Add option="-std=c++1z" />
					<Add option="-g" />
					<Add directory="$(IncludePath)/" />
					<Add directory="../../depend/include" />
				</Compiler>
			</Target>
			<Target title="Release x64">
				<Option output="../Release/ngiv" prefix_auto="1" extension_auto="1" />
				<Option working_dir="" />
				<Option object_output="../.objs/ngiv/Release/x64/" />
				<Option deps_output="../Release/" />
				<Option type="2" />
				<Option compiler="gcc" />
				<Compiler>
					<Add option="-flto" />
					<Add option="-O3" />
					<Add option="-std=c++1z" />
					<Add directory="$(IncludePath)/" />
					<Add directory="../../depend/include" />
				</Compiler>
				<Linker>
					<Add option="-flto" />
					<Add option="-s" />
				</Linker>
			</Target>
			<Target title="Release Win32">
				<Option output="../Release/ngiv" prefix_auto="1" extension_auto="1" />
				<Option working_dir="" />
				<Option object_output="../.objs/ngiv/Release/x32/" />
				<Option deps_output="../Release/" />
				<Option type="2" />
				<Option compiler="gcc" />
				<Option createDefFile="1" />
				<Compiler>
					<Add option="-flto" />
					<Add option="-O3" />
					<Add option="-std=c++1z" />
					<Add directory="$(IncludePath)/" />
					<Add directory="../../depend/include" />
				</Compiler>
				<Linker>
					<Add option="-flto" />
					<Add option="-s" />
				</Linker>
			</Target>
			<Target title="Debug Win32">
				<Option output="../Debug/ngiv" prefix_auto="1" extension_auto="1" />
				<Option working_dir="" />
				<Option object_output="../.objs/ngiv/Debug/x32/" />
				<Option deps_output="../Debug/" />
				<Option type="2" />
				<Option compiler="gcc" />
				<Option createDefFile="1" />
				<Compiler>
					<Add option="-Wredundant-decls" />
					<Add option="-Wcast-align" />
					<Add option="-Wunreachable-code" />
					<Add option="-Wmissing-include-dirs" />
					<Add option="-std=c++1z" />
					<Add option="-g" />
					<Add directory="$(IncludePath)/" />
					<Add directory="../../depend/include" />
				</Compiler>
			</Target>
		</Build>
		<Unit filename="BasicLevelEditor.cpp" />
		<Unit filename="BasicLevelEditor.h" />
		<Unit filename="Camera2D.cpp" />
		<Unit filename="Camera2D.h" />
		<Unit filename="Camera3D.cpp" />
		<Unit filename="Camera3D.h" />
		<Unit filename="Collision_Box.h" />
		<Unit filename="ColorRGBA8.h" />
		<Unit filename="GLSLProgram.cpp" />
		<Unit filename="GLSLProgram.h" />
		<Unit filename="GameContainer.h" />
		<Unit filename="IOManager.h" />
		<Unit filename="IScreen.cpp" />
		<Unit filename="IScreen.h" />
		<Unit filename="IScreenManager.h" />
		<Unit filename="InputManager.cpp" />
		<Unit filename="InputManager.h" />
		<Unit filename="Mesh.h" />
		<Unit filename="Misc.h" />
		<Unit filename="ModelLoader.cpp" />
		<Unit filename="ModelLoader.h" />
		<Unit filename="NGIV.h" />
		<Unit filename="NGUI.cpp" />
		<Unit filename="NGUI.h" />
		<Unit filename="Noise.cpp" />
		<Unit filename="Noise.h" />
		<Unit filename="OBJ.h" />
		<Unit filename="PhysicsWorld.cpp" />
		<Unit filename="PhysicsWorld.h" />
		<Unit filename="Renderer_2D.cpp" />
		<Unit filename="Renderer_2D.h" />
		<Unit filename="Renderer_3D.cpp" />
		<Unit filename="Renderer_3D.h" />
		<Unit filename="Renderer_Text.cpp" />
		<Unit filename="Renderer_Text.h" />
		<Unit filename="TerrainGenerator.cpp" />
		<Unit filename="TerrainGenerator.h" />
		<Unit filename="TextureLoader.cpp" />
		<Unit filename="TextureLoader.h" />
		<Unit filename="Window.cpp" />
		<Unit filename="Window.h" />
		<Unit filename="glad.cpp" />
		<Unit filename="stb_image.h" />
		<Extensions>
			<code_completion />
			<debugger />
		</Extensions>
	</Project>
</CodeBlocks_project_file>
